
Microsoft Visual Studio Solution File, Format Version 12.00
# Visual Studio Version 17
VisualStudioVersion = 17.5.002.0
MinimumVisualStudioVersion = 10.0.40219.1
Project("{9A19103F-16F7-4668-BE54-9A1E7A4F7556}") = "P12MAUI.Client", "P12MAUI.Client.csproj", "{96860CCA-F351-406A-B20E-BF50AB2A1482}"
EndProject
Global
	GlobalSection(SolutionConfigurationPlatforms) = preSolution
		Debug|Any CPU = Debug|Any CPU
		Release|Any CPU = Release|Any CPU
	EndGlobalSection
	GlobalSection(ProjectConfigurationPlatforms) = postSolution
		{96860CCA-F351-406A-B20E-BF50AB2A1482}.Debug|Any CPU.ActiveCfg = Debug|Any CPU
		{96860CCA-F351-406A-B20E-BF50AB2A1482}.Debug|Any CPU.Build.0 = Debug|Any CPU
		{96860CCA-F351-406A-B20E-BF50AB2A1482}.Debug|Any CPU.Deploy.0 = Debug|Any CPU
		{96860CCA-F351-406A-B20E-BF50AB2A1482}.Release|Any CPU.ActiveCfg = Release|Any CPU
		{96860CCA-F351-406A-B20E-BF50AB2A1482}.Release|Any CPU.Build.0 = Release|Any CPU
	EndGlobalSection
	GlobalSection(SolutionProperties) = preSolution
		HideSolutionNode = FALSE
	EndGlobalSection
	GlobalSection(ExtensibilityGlobals) = postSolution
		SolutionGuid = {1FD57B29-4A62-4559-8760-E84975853597}
	EndGlobalSection
EndGlobal
